{
<<<<<<< HEAD
  "name": "Air-Gyaan",
  "version": "1.0.0",
  "lockfileVersion": 1,
  "requires": true,
  "dependencies": {
    "@fortawesome/fontawesome-free": {
      "version": "5.14.0",
      "resolved": "https://registry.npmjs.org/@fortawesome/fontawesome-free/-/fontawesome-free-5.14.0.tgz",
      "integrity": "sha512-OfdMsF+ZQgdKHP9jUbmDcRrP0eX90XXrsXIdyjLbkmSBzmMXPABB8eobUJtivaupucYaByz6WNe1PI1JuYm3qA==",
      "dev": true
    },
    "material-design-icons-iconfont": {
      "version": "6.1.0",
      "resolved": "https://registry.npmjs.org/material-design-icons-iconfont/-/material-design-icons-iconfont-6.1.0.tgz",
      "integrity": "sha512-wRJtOo1v1ch+gN8PRsj0IGJznk+kQ8mz13ds/nuhLI+Qyf/931ZlRpd92oq0IRPpZIb+bhX8pRjzIVdcPDKmiQ==",
      "dev": true
    }
  }
=======
  "lockfileVersion": 1
>>>>>>> 266385e7d73f5e473646b441baf6f6a8a3a7faf5
}
